
Microsoft Visual Studio Solution File, Format Version 12.00
# Visual Studio 15
VisualStudioVersion = 15.0.27130.2024
MinimumVisualStudioVersion = 10.0.40219.1
Project("{9A19103F-16F7-4668-BE54-9A1E7A4F7556}") = "STMAPI", "SkuaTestManagerAPI\STMAPI.csproj", "{27AFB227-F170-4E8A-BBEB-F61ED0411193}"
EndProject
Project("{9A19103F-16F7-4668-BE54-9A1E7A4F7556}") = "STM.Core", "STM.Core\STM.Core.csproj", "{83C23396-8F5A-410D-AA46-444944AB1380}"
EndProject
Global
	GlobalSection(SolutionConfigurationPlatforms) = preSolution
		Debug|Any CPU = Debug|Any CPU
		Release|Any CPU = Release|Any CPU
	EndGlobalSection
	GlobalSection(ProjectConfigurationPlatforms) = postSolution
		{27AFB227-F170-4E8A-BBEB-F61ED0411193}.Debug|Any CPU.ActiveCfg = Debug|Any CPU
		{27AFB227-F170-4E8A-BBEB-F61ED0411193}.Debug|Any CPU.Build.0 = Debug|Any CPU
		{27AFB227-F170-4E8A-BBEB-F61ED0411193}.Release|Any CPU.ActiveCfg = Release|Any CPU
		{27AFB227-F170-4E8A-BBEB-F61ED0411193}.Release|Any CPU.Build.0 = Release|Any CPU
		{83C23396-8F5A-410D-AA46-444944AB1380}.Debug|Any CPU.ActiveCfg = Debug|Any CPU
		{83C23396-8F5A-410D-AA46-444944AB1380}.Debug|Any CPU.Build.0 = Debug|Any CPU
		{83C23396-8F5A-410D-AA46-444944AB1380}.Release|Any CPU.ActiveCfg = Release|Any CPU
		{83C23396-8F5A-410D-AA46-444944AB1380}.Release|Any CPU.Build.0 = Release|Any CPU
	EndGlobalSection
	GlobalSection(SolutionProperties) = preSolution
		HideSolutionNode = FALSE
	EndGlobalSection
	GlobalSection(ExtensibilityGlobals) = postSolution
		SolutionGuid = {C3A8ACDD-B208-4C96-A4BE-901E26B3664B}
	EndGlobalSection
	GlobalSection(TeamFoundationVersionControl) = preSolution
		SccNumberOfProjects = 3
		SccEnterpriseProvider = {4CA58AB2-18FA-4F8D-95D4-32DDF27D184C}
		SccTeamFoundationServer = https://creditsafe.visualstudio.com/
		SccProjectUniqueName0 = SkuaTestManagerAPI\\STMAPI.csproj
		SccProjectName0 = SkuaTestManagerAPI
		SccLocalPath0 = SkuaTestManagerAPI
		SccProjectUniqueName1 = STM.Core\\STM.Core.csproj
		SccProjectName1 = STM.Core
		SccLocalPath1 = STM.Core
		SccLocalPath2 = .
	EndGlobalSection
EndGlobal
